
Microsoft Visual Studio Solution File, Format Version 11.00
# Visual Studio 2010
Project("{FAE04EC0-301F-11D3-BF4B-00C04F79EFBC}") = "PCoIPConfig", "PCoIPConfig\PCoIPConfig.csproj", "{F37320CF-63C4-4320-ABBE-62F7676BD0BF}"
EndProject
Global
	GlobalSection(SolutionConfigurationPlatforms) = preSolution
		Debug|Any CPU = Debug|Any CPU
		Release|Any CPU = Release|Any CPU
	EndGlobalSection
	GlobalSection(ProjectConfigurationPlatforms) = postSolution
		{F37320CF-63C4-4320-ABBE-62F7676BD0BF}.Debug|Any CPU.ActiveCfg = Debug|Any CPU
		{F37320CF-63C4-4320-ABBE-62F7676BD0BF}.Debug|Any CPU.Build.0 = Debug|Any CPU
		{F37320CF-63C4-4320-ABBE-62F7676BD0BF}.Release|Any CPU.ActiveCfg = Release|Any CPU
		{F37320CF-63C4-4320-ABBE-62F7676BD0BF}.Release|Any CPU.Build.0 = Release|Any CPU
	EndGlobalSection
	GlobalSection(SolutionProperties) = preSolution
		HideSolutionNode = FALSE
	EndGlobalSection
EndGlobal
